
Microsoft Visual Studio Solution File, Format Version 12.00
# Visual Studio 2012
Project("{FAE04EC0-301F-11D3-BF4B-00C04F79EFBC}") = "BusinessObjectMVCCRUD", "BusinessObjectMVCCRUD\BusinessObjectMVCCRUD.csproj", "{3E8D70F3-5E0E-4753-B395-4E825DF42E04}"
EndProject
Project("{FAE04EC0-301F-11D3-BF4B-00C04F79EFBC}") = "BusinessLogicLayer", "BusinessLogicLayer\BusinessLogicLayer.csproj", "{54D2C53A-67A2-4443-ADA0-78DCFAC4B8C5}"
EndProject
Global
	GlobalSection(SolutionConfigurationPlatforms) = preSolution
		Debug|Any CPU = Debug|Any CPU
		Release|Any CPU = Release|Any CPU
	EndGlobalSection
	GlobalSection(ProjectConfigurationPlatforms) = postSolution
		{3E8D70F3-5E0E-4753-B395-4E825DF42E04}.Debug|Any CPU.ActiveCfg = Debug|Any CPU
		{3E8D70F3-5E0E-4753-B395-4E825DF42E04}.Debug|Any CPU.Build.0 = Debug|Any CPU
		{3E8D70F3-5E0E-4753-B395-4E825DF42E04}.Release|Any CPU.ActiveCfg = Release|Any CPU
		{3E8D70F3-5E0E-4753-B395-4E825DF42E04}.Release|Any CPU.Build.0 = Release|Any CPU
		{54D2C53A-67A2-4443-ADA0-78DCFAC4B8C5}.Debug|Any CPU.ActiveCfg = Debug|Any CPU
		{54D2C53A-67A2-4443-ADA0-78DCFAC4B8C5}.Debug|Any CPU.Build.0 = Debug|Any CPU
		{54D2C53A-67A2-4443-ADA0-78DCFAC4B8C5}.Release|Any CPU.ActiveCfg = Release|Any CPU
		{54D2C53A-67A2-4443-ADA0-78DCFAC4B8C5}.Release|Any CPU.Build.0 = Release|Any CPU
	EndGlobalSection
	GlobalSection(SolutionProperties) = preSolution
		HideSolutionNode = FALSE
	EndGlobalSection
EndGlobal
